
Microsoft Visual Studio Solution File, Format Version 12.00
# Visual Studio 15
VisualStudioVersion = 15.0.27703.2042
MinimumVisualStudioVersion = 10.0.40219.1
Project("{FAE04EC0-301F-11D3-BF4B-00C04F79EFBC}") = "WordSearchSame", "WordSearchSame\WordSearchSame.csproj", "{7B838684-3D77-489F-AFC3-5EDBE6A13F76}"
EndProject
Global
	GlobalSection(SolutionConfigurationPlatforms) = preSolution
		Debug|Any CPU = Debug|Any CPU
		Release|Any CPU = Release|Any CPU
	EndGlobalSection
	GlobalSection(ProjectConfigurationPlatforms) = postSolution
		{7B838684-3D77-489F-AFC3-5EDBE6A13F76}.Debug|Any CPU.ActiveCfg = Debug|Any CPU
		{7B838684-3D77-489F-AFC3-5EDBE6A13F76}.Debug|Any CPU.Build.0 = Debug|Any CPU
		{7B838684-3D77-489F-AFC3-5EDBE6A13F76}.Release|Any CPU.ActiveCfg = Release|Any CPU
		{7B838684-3D77-489F-AFC3-5EDBE6A13F76}.Release|Any CPU.Build.0 = Release|Any CPU
	EndGlobalSection
	GlobalSection(SolutionProperties) = preSolution
		HideSolutionNode = FALSE
	EndGlobalSection
	GlobalSection(ExtensibilityGlobals) = postSolution
		SolutionGuid = {BA054D7B-4920-404C-B6BC-6C0CFCFBB8D6}
	EndGlobalSection
EndGlobal
